
Microsoft Visual Studio Solution File, Format Version 12.00
# Visual Studio 2013
VisualStudioVersion = 12.0.31101.0
MinimumVisualStudioVersion = 10.0.40219.1
Project("{8BC9CEB8-8B4A-11D0-8D11-00A0C91BC942}") = "3-1", "3-1\3-1.vcxproj", "{322F9870-537C-449C-ABDC-CEB2A3FABBC4}"
EndProject
Project("{8BC9CEB8-8B4A-11D0-8D11-00A0C91BC942}") = "3-2", "3-2\3-2.vcxproj", "{A079603B-9D47-48A8-B792-094D18A77B62}"
EndProject
Project("{8BC9CEB8-8B4A-11D0-8D11-00A0C91BC942}") = "3-3", "3-3\3-3.vcxproj", "{09BEC026-13FE-4FE7-953A-8D9B4F559392}"
EndProject
Project("{8BC9CEB8-8B4A-11D0-8D11-00A0C91BC942}") = "3-4", "3-4\3-4.vcxproj", "{1CB257BB-3F94-4365-A9BD-BC34020F70A5}"
EndProject
Project("{8BC9CEB8-8B4A-11D0-8D11-00A0C91BC942}") = "3-5", "3-5\3-5.vcxproj", "{AAE4E88F-6F0D-4E43-8EF7-D69DACB67F17}"
EndProject
Project("{8BC9CEB8-8B4A-11D0-8D11-00A0C91BC942}") = "lab3-1", "lab3-1\lab3-1.vcxproj", "{9102F30F-CCF1-4F67-AEB9-64198586EB65}"
EndProject
Project("{8BC9CEB8-8B4A-11D0-8D11-00A0C91BC942}") = "3-6", "3-6\3-6.vcxproj", "{1599BBFA-ABF7-4D0D-B854-771293753FF9}"
EndProject
Project("{8BC9CEB8-8B4A-11D0-8D11-00A0C91BC942}") = "3-7", "3-7\3-7.vcxproj", "{0FCF5096-45A8-4877-A5F0-967027257F14}"
EndProject
Project("{8BC9CEB8-8B4A-11D0-8D11-00A0C91BC942}") = "3-8", "3-8\3-8.vcxproj", "{0919F9E9-5B12-489B-977A-3948B6D0E25A}"
EndProject
Project("{8BC9CEB8-8B4A-11D0-8D11-00A0C91BC942}") = "3-9", "3-9\3-9.vcxproj", "{F6A695DF-6E9A-4654-96D7-435E7CD369E2}"
EndProject
Project("{8BC9CEB8-8B4A-11D0-8D11-00A0C91BC942}") = "lab3-2", "lab3-2\lab3-2.vcxproj", "{F9E87FBF-4144-44A1-A2C7-80CC15CDCF51}"
EndProject
Project("{8BC9CEB8-8B4A-11D0-8D11-00A0C91BC942}") = "3-10", "3-10\3-10.vcxproj", "{00AECEB5-7FB0-4F38-855D-C631D6CE7546}"
EndProject
Project("{8BC9CEB8-8B4A-11D0-8D11-00A0C91BC942}") = "3-11", "3-11\3-11.vcxproj", "{A8FEA111-78EC-4FB4-986C-5A48A24DC02C}"
EndProject
Project("{8BC9CEB8-8B4A-11D0-8D11-00A0C91BC942}") = "3-12", "3-12\3-12.vcxproj", "{A9CA9A5D-27D7-4D55-8F87-3F725AA8CC5C}"
EndProject
Project("{8BC9CEB8-8B4A-11D0-8D11-00A0C91BC942}") = "3-13", "3-13\3-13.vcxproj", "{CC25DB79-62D4-4A5A-B82A-62EA54F20848}"
EndProject
Project("{8BC9CEB8-8B4A-11D0-8D11-00A0C91BC942}") = "3-14", "3-14\3-14.vcxproj", "{380DF27D-992A-4539-96DF-52A9F74053AF}"
EndProject
Project("{8BC9CEB8-8B4A-11D0-8D11-00A0C91BC942}") = "lab3-3", "lab3-3\lab3-3.vcxproj", "{C3FBD5AC-6199-442B-8B58-677050C489AD}"
EndProject
Global
	GlobalSection(SolutionConfigurationPlatforms) = preSolution
		Debug|Win32 = Debug|Win32
		Release|Win32 = Release|Win32
	EndGlobalSection
	GlobalSection(ProjectConfigurationPlatforms) = postSolution
		{322F9870-537C-449C-ABDC-CEB2A3FABBC4}.Debug|Win32.ActiveCfg = Debug|Win32
		{322F9870-537C-449C-ABDC-CEB2A3FABBC4}.Debug|Win32.Build.0 = Debug|Win32
		{322F9870-537C-449C-ABDC-CEB2A3FABBC4}.Release|Win32.ActiveCfg = Release|Win32
		{322F9870-537C-449C-ABDC-CEB2A3FABBC4}.Release|Win32.Build.0 = Release|Win32
		{A079603B-9D47-48A8-B792-094D18A77B62}.Debug|Win32.ActiveCfg = Debug|Win32
		{A079603B-9D47-48A8-B792-094D18A77B62}.Debug|Win32.Build.0 = Debug|Win32
		{A079603B-9D47-48A8-B792-094D18A77B62}.Release|Win32.ActiveCfg = Release|Win32
		{A079603B-9D47-48A8-B792-094D18A77B62}.Release|Win32.Build.0 = Release|Win32
		{09BEC026-13FE-4FE7-953A-8D9B4F559392}.Debug|Win32.ActiveCfg = Debug|Win32
		{09BEC026-13FE-4FE7-953A-8D9B4F559392}.Debug|Win32.Build.0 = Debug|Win32
		{09BEC026-13FE-4FE7-953A-8D9B4F559392}.Release|Win32.ActiveCfg = Release|Win32
		{09BEC026-13FE-4FE7-953A-8D9B4F559392}.Release|Win32.Build.0 = Release|Win32
		{1CB257BB-3F94-4365-A9BD-BC34020F70A5}.Debug|Win32.ActiveCfg = Debug|Win32
		{1CB257BB-3F94-4365-A9BD-BC34020F70A5}.Debug|Win32.Build.0 = Debug|Win32
		{1CB257BB-3F94-4365-A9BD-BC34020F70A5}.Release|Win32.ActiveCfg = Release|Win32
		{1CB257BB-3F94-4365-A9BD-BC34020F70A5}.Release|Win32.Build.0 = Release|Win32
		{AAE4E88F-6F0D-4E43-8EF7-D69DACB67F17}.Debug|Win32.ActiveCfg = Debug|Win32
		{AAE4E88F-6F0D-4E43-8EF7-D69DACB67F17}.Debug|Win32.Build.0 = Debug|Win32
		{AAE4E88F-6F0D-4E43-8EF7-D69DACB67F17}.Release|Win32.ActiveCfg = Release|Win32
		{AAE4E88F-6F0D-4E43-8EF7-D69DACB67F17}.Release|Win32.Build.0 = Release|Win32
		{9102F30F-CCF1-4F67-AEB9-64198586EB65}.Debug|Win32.ActiveCfg = Debug|Win32
		{9102F30F-CCF1-4F67-AEB9-64198586EB65}.Debug|Win32.Build.0 = Debug|Win32
		{9102F30F-CCF1-4F67-AEB9-64198586EB65}.Release|Win32.ActiveCfg = Release|Win32
		{9102F30F-CCF1-4F67-AEB9-64198586EB65}.Release|Win32.Build.0 = Release|Win32
		{1599BBFA-ABF7-4D0D-B854-771293753FF9}.Debug|Win32.ActiveCfg = Debug|Win32
		{1599BBFA-ABF7-4D0D-B854-771293753FF9}.Debug|Win32.Build.0 = Debug|Win32
		{1599BBFA-ABF7-4D0D-B854-771293753FF9}.Release|Win32.ActiveCfg = Release|Win32
		{1599BBFA-ABF7-4D0D-B854-771293753FF9}.Release|Win32.Build.0 = Release|Win32
		{0FCF5096-45A8-4877-A5F0-967027257F14}.Debug|Win32.ActiveCfg = Debug|Win32
		{0FCF5096-45A8-4877-A5F0-967027257F14}.Debug|Win32.Build.0 = Debug|Win32
		{0FCF5096-45A8-4877-A5F0-967027257F14}.Release|Win32.ActiveCfg = Release|Win32
		{0FCF5096-45A8-4877-A5F0-967027257F14}.Release|Win32.Build.0 = Release|Win32
		{0919F9E9-5B12-489B-977A-3948B6D0E25A}.Debug|Win32.ActiveCfg = Debug|Win32
		{0919F9E9-5B12-489B-977A-3948B6D0E25A}.Debug|Win32.Build.0 = Debug|Win32
		{0919F9E9-5B12-489B-977A-3948B6D0E25A}.Release|Win32.ActiveCfg = Release|Win32
		{0919F9E9-5B12-489B-977A-3948B6D0E25A}.Release|Win32.Build.0 = Release|Win32
		{F6A695DF-6E9A-4654-96D7-435E7CD369E2}.Debug|Win32.ActiveCfg = Debug|Win32
		{F6A695DF-6E9A-4654-96D7-435E7CD369E2}.Debug|Win32.Build.0 = Debug|Win32
		{F6A695DF-6E9A-4654-96D7-435E7CD369E2}.Release|Win32.ActiveCfg = Release|Win32
		{F6A695DF-6E9A-4654-96D7-435E7CD369E2}.Release|Win32.Build.0 = Release|Win32
		{F9E87FBF-4144-44A1-A2C7-80CC15CDCF51}.Debug|Win32.ActiveCfg = Debug|Win32
		{F9E87FBF-4144-44A1-A2C7-80CC15CDCF51}.Debug|Win32.Build.0 = Debug|Win32
		{F9E87FBF-4144-44A1-A2C7-80CC15CDCF51}.Release|Win32.ActiveCfg = Release|Win32
		{F9E87FBF-4144-44A1-A2C7-80CC15CDCF51}.Release|Win32.Build.0 = Release|Win32
		{00AECEB5-7FB0-4F38-855D-C631D6CE7546}.Debug|Win32.ActiveCfg = Debug|Win32
		{00AECEB5-7FB0-4F38-855D-C631D6CE7546}.Debug|Win32.Build.0 = Debug|Win32
		{00AECEB5-7FB0-4F38-855D-C631D6CE7546}.Release|Win32.ActiveCfg = Release|Win32
		{00AECEB5-7FB0-4F38-855D-C631D6CE7546}.Release|Win32.Build.0 = Release|Win32
		{A8FEA111-78EC-4FB4-986C-5A48A24DC02C}.Debug|Win32.ActiveCfg = Debug|Win32
		{A8FEA111-78EC-4FB4-986C-5A48A24DC02C}.Debug|Win32.Build.0 = Debug|Win32
		{A8FEA111-78EC-4FB4-986C-5A48A24DC02C}.Release|Win32.ActiveCfg = Release|Win32
		{A8FEA111-78EC-4FB4-986C-5A48A24DC02C}.Release|Win32.Build.0 = Release|Win32
		{A9CA9A5D-27D7-4D55-8F87-3F725AA8CC5C}.Debug|Win32.ActiveCfg = Debug|Win32
		{A9CA9A5D-27D7-4D55-8F87-3F725AA8CC5C}.Debug|Win32.Build.0 = Debug|Win32
		{A9CA9A5D-27D7-4D55-8F87-3F725AA8CC5C}.Release|Win32.ActiveCfg = Release|Win32
		{A9CA9A5D-27D7-4D55-8F87-3F725AA8CC5C}.Release|Win32.Build.0 = Release|Win32
		{CC25DB79-62D4-4A5A-B82A-62EA54F20848}.Debug|Win32.ActiveCfg = Debug|Win32
		{CC25DB79-62D4-4A5A-B82A-62EA54F20848}.Debug|Win32.Build.0 = Debug|Win32
		{CC25DB79-62D4-4A5A-B82A-62EA54F20848}.Release|Win32.ActiveCfg = Release|Win32
		{CC25DB79-62D4-4A5A-B82A-62EA54F20848}.Release|Win32.Build.0 = Release|Win32
		{380DF27D-992A-4539-96DF-52A9F74053AF}.Debug|Win32.ActiveCfg = Debug|Win32
		{380DF27D-992A-4539-96DF-52A9F74053AF}.Debug|Win32.Build.0 = Debug|Win32
		{380DF27D-992A-4539-96DF-52A9F74053AF}.Release|Win32.ActiveCfg = Release|Win32
		{380DF27D-992A-4539-96DF-52A9F74053AF}.Release|Win32.Build.0 = Release|Win32
		{C3FBD5AC-6199-442B-8B58-677050C489AD}.Debug|Win32.ActiveCfg = Debug|Win32
		{C3FBD5AC-6199-442B-8B58-677050C489AD}.Debug|Win32.Build.0 = Debug|Win32
		{C3FBD5AC-6199-442B-8B58-677050C489AD}.Release|Win32.ActiveCfg = Release|Win32
		{C3FBD5AC-6199-442B-8B58-677050C489AD}.Release|Win32.Build.0 = Release|Win32
	EndGlobalSection
	GlobalSection(SolutionProperties) = preSolution
		HideSolutionNode = FALSE
	EndGlobalSection
EndGlobal
