
Microsoft Visual Studio Solution File, Format Version 12.00
# Visual Studio 2013
VisualStudioVersion = 12.0.31101.0
MinimumVisualStudioVersion = 10.0.40219.1
Project("{8BC9CEB8-8B4A-11D0-8D11-00A0C91BC942}") = "6-1", "6-1\6-1.vcxproj", "{36D3D2DB-5B82-40B2-A41B-CF947B70E001}"
EndProject
Project("{8BC9CEB8-8B4A-11D0-8D11-00A0C91BC942}") = "6-2", "6-2\6-2.vcxproj", "{C23F6B0A-6D6E-42E9-AA46-03B39132DA7C}"
EndProject
Project("{8BC9CEB8-8B4A-11D0-8D11-00A0C91BC942}") = "6-3", "6-3\6-3.vcxproj", "{724F3B83-AE16-4E4D-AD60-82DB92955BE4}"
EndProject
Project("{8BC9CEB8-8B4A-11D0-8D11-00A0C91BC942}") = "6-4", "6-4\6-4.vcxproj", "{9F2FD10B-51D0-4539-A836-DD21250B0B18}"
EndProject
Project("{8BC9CEB8-8B4A-11D0-8D11-00A0C91BC942}") = "lab6-1", "lab6-1\lab6-1.vcxproj", "{116DC6EA-950F-47F1-8EFF-18F25783B8B5}"
EndProject
Project("{8BC9CEB8-8B4A-11D0-8D11-00A0C91BC942}") = "6-5", "6-5\6-5.vcxproj", "{CB7A816E-36E3-4418-A1A5-6F2446C8D9FB}"
EndProject
Project("{8BC9CEB8-8B4A-11D0-8D11-00A0C91BC942}") = "6-6", "6-6\6-6.vcxproj", "{2F76E1D5-4543-4720-A973-73B23329C9ED}"
EndProject
Project("{8BC9CEB8-8B4A-11D0-8D11-00A0C91BC942}") = "lab6-2", "lab6-2\lab6-2.vcxproj", "{6337435C-6621-4E89-A4FE-6B6BA7ED145E}"
EndProject
Project("{8BC9CEB8-8B4A-11D0-8D11-00A0C91BC942}") = "6-7", "6-7\6-7.vcxproj", "{6549603F-02EF-4F3C-B676-8E502B057DC4}"
EndProject
Project("{8BC9CEB8-8B4A-11D0-8D11-00A0C91BC942}") = "6-8", "6-8\6-8.vcxproj", "{843D5B6E-E6D8-4A4F-B7E5-F8B137996FF7}"
EndProject
Project("{8BC9CEB8-8B4A-11D0-8D11-00A0C91BC942}") = "lab6-3", "lab6-3\lab6-3.vcxproj", "{C5E8A336-C0CB-4F95-BA56-65BEAE29B966}"
EndProject
Project("{8BC9CEB8-8B4A-11D0-8D11-00A0C91BC942}") = "6-9", "6-9\6-9.vcxproj", "{F78B64E3-6694-4BE1-8DFA-F1081BBD4AC7}"
EndProject
Project("{8BC9CEB8-8B4A-11D0-8D11-00A0C91BC942}") = "6-10", "6-10\6-10.vcxproj", "{78DD0CC7-F3C6-480F-BF01-2AE515C69190}"
EndProject
Project("{8BC9CEB8-8B4A-11D0-8D11-00A0C91BC942}") = "lab6-4", "lab6-4\lab6-4.vcxproj", "{28FFF706-17FB-4B27-8A99-896648D673F6}"
EndProject
Global
	GlobalSection(SolutionConfigurationPlatforms) = preSolution
		Debug|Win32 = Debug|Win32
		Release|Win32 = Release|Win32
	EndGlobalSection
	GlobalSection(ProjectConfigurationPlatforms) = postSolution
		{36D3D2DB-5B82-40B2-A41B-CF947B70E001}.Debug|Win32.ActiveCfg = Debug|Win32
		{36D3D2DB-5B82-40B2-A41B-CF947B70E001}.Debug|Win32.Build.0 = Debug|Win32
		{36D3D2DB-5B82-40B2-A41B-CF947B70E001}.Release|Win32.ActiveCfg = Release|Win32
		{36D3D2DB-5B82-40B2-A41B-CF947B70E001}.Release|Win32.Build.0 = Release|Win32
		{C23F6B0A-6D6E-42E9-AA46-03B39132DA7C}.Debug|Win32.ActiveCfg = Debug|Win32
		{C23F6B0A-6D6E-42E9-AA46-03B39132DA7C}.Debug|Win32.Build.0 = Debug|Win32
		{C23F6B0A-6D6E-42E9-AA46-03B39132DA7C}.Release|Win32.ActiveCfg = Release|Win32
		{C23F6B0A-6D6E-42E9-AA46-03B39132DA7C}.Release|Win32.Build.0 = Release|Win32
		{724F3B83-AE16-4E4D-AD60-82DB92955BE4}.Debug|Win32.ActiveCfg = Debug|Win32
		{724F3B83-AE16-4E4D-AD60-82DB92955BE4}.Debug|Win32.Build.0 = Debug|Win32
		{724F3B83-AE16-4E4D-AD60-82DB92955BE4}.Release|Win32.ActiveCfg = Release|Win32
		{724F3B83-AE16-4E4D-AD60-82DB92955BE4}.Release|Win32.Build.0 = Release|Win32
		{9F2FD10B-51D0-4539-A836-DD21250B0B18}.Debug|Win32.ActiveCfg = Debug|Win32
		{9F2FD10B-51D0-4539-A836-DD21250B0B18}.Debug|Win32.Build.0 = Debug|Win32
		{9F2FD10B-51D0-4539-A836-DD21250B0B18}.Release|Win32.ActiveCfg = Release|Win32
		{9F2FD10B-51D0-4539-A836-DD21250B0B18}.Release|Win32.Build.0 = Release|Win32
		{116DC6EA-950F-47F1-8EFF-18F25783B8B5}.Debug|Win32.ActiveCfg = Debug|Win32
		{116DC6EA-950F-47F1-8EFF-18F25783B8B5}.Debug|Win32.Build.0 = Debug|Win32
		{116DC6EA-950F-47F1-8EFF-18F25783B8B5}.Release|Win32.ActiveCfg = Release|Win32
		{116DC6EA-950F-47F1-8EFF-18F25783B8B5}.Release|Win32.Build.0 = Release|Win32
		{CB7A816E-36E3-4418-A1A5-6F2446C8D9FB}.Debug|Win32.ActiveCfg = Debug|Win32
		{CB7A816E-36E3-4418-A1A5-6F2446C8D9FB}.Debug|Win32.Build.0 = Debug|Win32
		{CB7A816E-36E3-4418-A1A5-6F2446C8D9FB}.Release|Win32.ActiveCfg = Release|Win32
		{CB7A816E-36E3-4418-A1A5-6F2446C8D9FB}.Release|Win32.Build.0 = Release|Win32
		{2F76E1D5-4543-4720-A973-73B23329C9ED}.Debug|Win32.ActiveCfg = Debug|Win32
		{2F76E1D5-4543-4720-A973-73B23329C9ED}.Debug|Win32.Build.0 = Debug|Win32
		{2F76E1D5-4543-4720-A973-73B23329C9ED}.Release|Win32.ActiveCfg = Release|Win32
		{2F76E1D5-4543-4720-A973-73B23329C9ED}.Release|Win32.Build.0 = Release|Win32
		{6337435C-6621-4E89-A4FE-6B6BA7ED145E}.Debug|Win32.ActiveCfg = Debug|Win32
		{6337435C-6621-4E89-A4FE-6B6BA7ED145E}.Debug|Win32.Build.0 = Debug|Win32
		{6337435C-6621-4E89-A4FE-6B6BA7ED145E}.Release|Win32.ActiveCfg = Release|Win32
		{6337435C-6621-4E89-A4FE-6B6BA7ED145E}.Release|Win32.Build.0 = Release|Win32
		{6549603F-02EF-4F3C-B676-8E502B057DC4}.Debug|Win32.ActiveCfg = Debug|Win32
		{6549603F-02EF-4F3C-B676-8E502B057DC4}.Debug|Win32.Build.0 = Debug|Win32
		{6549603F-02EF-4F3C-B676-8E502B057DC4}.Release|Win32.ActiveCfg = Release|Win32
		{6549603F-02EF-4F3C-B676-8E502B057DC4}.Release|Win32.Build.0 = Release|Win32
		{843D5B6E-E6D8-4A4F-B7E5-F8B137996FF7}.Debug|Win32.ActiveCfg = Debug|Win32
		{843D5B6E-E6D8-4A4F-B7E5-F8B137996FF7}.Debug|Win32.Build.0 = Debug|Win32
		{843D5B6E-E6D8-4A4F-B7E5-F8B137996FF7}.Release|Win32.ActiveCfg = Release|Win32
		{843D5B6E-E6D8-4A4F-B7E5-F8B137996FF7}.Release|Win32.Build.0 = Release|Win32
		{C5E8A336-C0CB-4F95-BA56-65BEAE29B966}.Debug|Win32.ActiveCfg = Debug|Win32
		{C5E8A336-C0CB-4F95-BA56-65BEAE29B966}.Debug|Win32.Build.0 = Debug|Win32
		{C5E8A336-C0CB-4F95-BA56-65BEAE29B966}.Release|Win32.ActiveCfg = Release|Win32
		{C5E8A336-C0CB-4F95-BA56-65BEAE29B966}.Release|Win32.Build.0 = Release|Win32
		{F78B64E3-6694-4BE1-8DFA-F1081BBD4AC7}.Debug|Win32.ActiveCfg = Debug|Win32
		{F78B64E3-6694-4BE1-8DFA-F1081BBD4AC7}.Debug|Win32.Build.0 = Debug|Win32
		{F78B64E3-6694-4BE1-8DFA-F1081BBD4AC7}.Release|Win32.ActiveCfg = Release|Win32
		{F78B64E3-6694-4BE1-8DFA-F1081BBD4AC7}.Release|Win32.Build.0 = Release|Win32
		{78DD0CC7-F3C6-480F-BF01-2AE515C69190}.Debug|Win32.ActiveCfg = Debug|Win32
		{78DD0CC7-F3C6-480F-BF01-2AE515C69190}.Debug|Win32.Build.0 = Debug|Win32
		{78DD0CC7-F3C6-480F-BF01-2AE515C69190}.Release|Win32.ActiveCfg = Release|Win32
		{78DD0CC7-F3C6-480F-BF01-2AE515C69190}.Release|Win32.Build.0 = Release|Win32
		{28FFF706-17FB-4B27-8A99-896648D673F6}.Debug|Win32.ActiveCfg = Debug|Win32
		{28FFF706-17FB-4B27-8A99-896648D673F6}.Debug|Win32.Build.0 = Debug|Win32
		{28FFF706-17FB-4B27-8A99-896648D673F6}.Release|Win32.ActiveCfg = Release|Win32
		{28FFF706-17FB-4B27-8A99-896648D673F6}.Release|Win32.Build.0 = Release|Win32
	EndGlobalSection
	GlobalSection(SolutionProperties) = preSolution
		HideSolutionNode = FALSE
	EndGlobalSection
EndGlobal
