
Microsoft Visual Studio Solution File, Format Version 12.00
# Visual Studio 2013
VisualStudioVersion = 12.0.31101.0
MinimumVisualStudioVersion = 10.0.40219.1
Project("{8BC9CEB8-8B4A-11D0-8D11-00A0C91BC942}") = "5-1", "5-1\5-1.vcxproj", "{7763B51C-D04A-4F63-BE46-22ACA293D1EF}"
EndProject
Project("{8BC9CEB8-8B4A-11D0-8D11-00A0C91BC942}") = "5-2", "5-2\5-2.vcxproj", "{B5CAF9F2-CB1E-4DEF-B6B3-C4CCAC99E498}"
EndProject
Project("{8BC9CEB8-8B4A-11D0-8D11-00A0C91BC942}") = "5-3", "5-3\5-3.vcxproj", "{DCBE3180-4509-4562-914E-737E809503FA}"
EndProject
Project("{8BC9CEB8-8B4A-11D0-8D11-00A0C91BC942}") = "5-4", "5-4\5-4.vcxproj", "{079974DA-2487-4D03-A2ED-B20311CBD816}"
EndProject
Project("{8BC9CEB8-8B4A-11D0-8D11-00A0C91BC942}") = "lab5-1", "lab5-1\lab5-1.vcxproj", "{59661273-ED21-49E7-A5AA-DD3887D9CCFB}"
EndProject
Project("{8BC9CEB8-8B4A-11D0-8D11-00A0C91BC942}") = "5-5", "5-5\5-5.vcxproj", "{E6ED3CDF-3956-4ED4-AD15-75E94EBE69AB}"
EndProject
Project("{8BC9CEB8-8B4A-11D0-8D11-00A0C91BC942}") = "5-6", "5-6\5-6.vcxproj", "{DDFB70CD-9774-4B95-99B9-21C5333908CB}"
EndProject
Project("{8BC9CEB8-8B4A-11D0-8D11-00A0C91BC942}") = "5-7", "5-7\5-7.vcxproj", "{266C6959-A5B8-442F-8381-52E1FBB816C7}"
EndProject
Project("{8BC9CEB8-8B4A-11D0-8D11-00A0C91BC942}") = "5-8", "5-8\5-8.vcxproj", "{EF790C16-BD9A-48AB-9D34-4CBD8DF94264}"
EndProject
Project("{8BC9CEB8-8B4A-11D0-8D11-00A0C91BC942}") = "5-9", "5-9\5-9.vcxproj", "{F5E25C30-B6EA-411C-91F3-D1ABA1E4968E}"
EndProject
Project("{8BC9CEB8-8B4A-11D0-8D11-00A0C91BC942}") = "5-10", "5-10\5-10.vcxproj", "{925EF43B-1D7A-4ECD-B360-9C999127D96E}"
EndProject
Project("{8BC9CEB8-8B4A-11D0-8D11-00A0C91BC942}") = "lab5-2", "lab5-2\lab5-2.vcxproj", "{B6319697-5FA5-4339-A8A5-1CD79430C5E8}"
EndProject
Project("{8BC9CEB8-8B4A-11D0-8D11-00A0C91BC942}") = "5-11", "5-11\5-11.vcxproj", "{518E29BD-8FB5-45D4-9736-65E03E723C48}"
EndProject
Project("{8BC9CEB8-8B4A-11D0-8D11-00A0C91BC942}") = "5-12", "5-12\5-12.vcxproj", "{EDD671AC-154D-43B7-833A-3705B4F92AF1}"
EndProject
Project("{8BC9CEB8-8B4A-11D0-8D11-00A0C91BC942}") = "5-13", "5-13\5-13.vcxproj", "{38EB12B1-4E83-486E-A23D-9163FFECE114}"
EndProject
Project("{8BC9CEB8-8B4A-11D0-8D11-00A0C91BC942}") = "5-14", "5-14\5-14.vcxproj", "{6793B71C-74D5-4A20-AEB0-83AF8D84A56C}"
EndProject
Project("{8BC9CEB8-8B4A-11D0-8D11-00A0C91BC942}") = "lab5-3", "lab5-3\lab5-3.vcxproj", "{B3521539-F42B-474F-BD96-3C37EB4E95CF}"
EndProject
Global
	GlobalSection(SolutionConfigurationPlatforms) = preSolution
		Debug|Win32 = Debug|Win32
		Release|Win32 = Release|Win32
	EndGlobalSection
	GlobalSection(ProjectConfigurationPlatforms) = postSolution
		{7763B51C-D04A-4F63-BE46-22ACA293D1EF}.Debug|Win32.ActiveCfg = Debug|Win32
		{7763B51C-D04A-4F63-BE46-22ACA293D1EF}.Debug|Win32.Build.0 = Debug|Win32
		{7763B51C-D04A-4F63-BE46-22ACA293D1EF}.Release|Win32.ActiveCfg = Release|Win32
		{7763B51C-D04A-4F63-BE46-22ACA293D1EF}.Release|Win32.Build.0 = Release|Win32
		{B5CAF9F2-CB1E-4DEF-B6B3-C4CCAC99E498}.Debug|Win32.ActiveCfg = Debug|Win32
		{B5CAF9F2-CB1E-4DEF-B6B3-C4CCAC99E498}.Debug|Win32.Build.0 = Debug|Win32
		{B5CAF9F2-CB1E-4DEF-B6B3-C4CCAC99E498}.Release|Win32.ActiveCfg = Release|Win32
		{B5CAF9F2-CB1E-4DEF-B6B3-C4CCAC99E498}.Release|Win32.Build.0 = Release|Win32
		{DCBE3180-4509-4562-914E-737E809503FA}.Debug|Win32.ActiveCfg = Debug|Win32
		{DCBE3180-4509-4562-914E-737E809503FA}.Debug|Win32.Build.0 = Debug|Win32
		{DCBE3180-4509-4562-914E-737E809503FA}.Release|Win32.ActiveCfg = Release|Win32
		{DCBE3180-4509-4562-914E-737E809503FA}.Release|Win32.Build.0 = Release|Win32
		{079974DA-2487-4D03-A2ED-B20311CBD816}.Debug|Win32.ActiveCfg = Debug|Win32
		{079974DA-2487-4D03-A2ED-B20311CBD816}.Debug|Win32.Build.0 = Debug|Win32
		{079974DA-2487-4D03-A2ED-B20311CBD816}.Release|Win32.ActiveCfg = Release|Win32
		{079974DA-2487-4D03-A2ED-B20311CBD816}.Release|Win32.Build.0 = Release|Win32
		{59661273-ED21-49E7-A5AA-DD3887D9CCFB}.Debug|Win32.ActiveCfg = Debug|Win32
		{59661273-ED21-49E7-A5AA-DD3887D9CCFB}.Debug|Win32.Build.0 = Debug|Win32
		{59661273-ED21-49E7-A5AA-DD3887D9CCFB}.Release|Win32.ActiveCfg = Release|Win32
		{59661273-ED21-49E7-A5AA-DD3887D9CCFB}.Release|Win32.Build.0 = Release|Win32
		{E6ED3CDF-3956-4ED4-AD15-75E94EBE69AB}.Debug|Win32.ActiveCfg = Debug|Win32
		{E6ED3CDF-3956-4ED4-AD15-75E94EBE69AB}.Debug|Win32.Build.0 = Debug|Win32
		{E6ED3CDF-3956-4ED4-AD15-75E94EBE69AB}.Release|Win32.ActiveCfg = Release|Win32
		{E6ED3CDF-3956-4ED4-AD15-75E94EBE69AB}.Release|Win32.Build.0 = Release|Win32
		{DDFB70CD-9774-4B95-99B9-21C5333908CB}.Debug|Win32.ActiveCfg = Debug|Win32
		{DDFB70CD-9774-4B95-99B9-21C5333908CB}.Debug|Win32.Build.0 = Debug|Win32
		{DDFB70CD-9774-4B95-99B9-21C5333908CB}.Release|Win32.ActiveCfg = Release|Win32
		{DDFB70CD-9774-4B95-99B9-21C5333908CB}.Release|Win32.Build.0 = Release|Win32
		{266C6959-A5B8-442F-8381-52E1FBB816C7}.Debug|Win32.ActiveCfg = Debug|Win32
		{266C6959-A5B8-442F-8381-52E1FBB816C7}.Debug|Win32.Build.0 = Debug|Win32
		{266C6959-A5B8-442F-8381-52E1FBB816C7}.Release|Win32.ActiveCfg = Release|Win32
		{266C6959-A5B8-442F-8381-52E1FBB816C7}.Release|Win32.Build.0 = Release|Win32
		{EF790C16-BD9A-48AB-9D34-4CBD8DF94264}.Debug|Win32.ActiveCfg = Debug|Win32
		{EF790C16-BD9A-48AB-9D34-4CBD8DF94264}.Debug|Win32.Build.0 = Debug|Win32
		{EF790C16-BD9A-48AB-9D34-4CBD8DF94264}.Release|Win32.ActiveCfg = Release|Win32
		{EF790C16-BD9A-48AB-9D34-4CBD8DF94264}.Release|Win32.Build.0 = Release|Win32
		{F5E25C30-B6EA-411C-91F3-D1ABA1E4968E}.Debug|Win32.ActiveCfg = Debug|Win32
		{F5E25C30-B6EA-411C-91F3-D1ABA1E4968E}.Debug|Win32.Build.0 = Debug|Win32
		{F5E25C30-B6EA-411C-91F3-D1ABA1E4968E}.Release|Win32.ActiveCfg = Release|Win32
		{F5E25C30-B6EA-411C-91F3-D1ABA1E4968E}.Release|Win32.Build.0 = Release|Win32
		{925EF43B-1D7A-4ECD-B360-9C999127D96E}.Debug|Win32.ActiveCfg = Debug|Win32
		{925EF43B-1D7A-4ECD-B360-9C999127D96E}.Debug|Win32.Build.0 = Debug|Win32
		{925EF43B-1D7A-4ECD-B360-9C999127D96E}.Release|Win32.ActiveCfg = Release|Win32
		{925EF43B-1D7A-4ECD-B360-9C999127D96E}.Release|Win32.Build.0 = Release|Win32
		{B6319697-5FA5-4339-A8A5-1CD79430C5E8}.Debug|Win32.ActiveCfg = Debug|Win32
		{B6319697-5FA5-4339-A8A5-1CD79430C5E8}.Debug|Win32.Build.0 = Debug|Win32
		{B6319697-5FA5-4339-A8A5-1CD79430C5E8}.Release|Win32.ActiveCfg = Release|Win32
		{B6319697-5FA5-4339-A8A5-1CD79430C5E8}.Release|Win32.Build.0 = Release|Win32
		{518E29BD-8FB5-45D4-9736-65E03E723C48}.Debug|Win32.ActiveCfg = Debug|Win32
		{518E29BD-8FB5-45D4-9736-65E03E723C48}.Debug|Win32.Build.0 = Debug|Win32
		{518E29BD-8FB5-45D4-9736-65E03E723C48}.Release|Win32.ActiveCfg = Release|Win32
		{518E29BD-8FB5-45D4-9736-65E03E723C48}.Release|Win32.Build.0 = Release|Win32
		{EDD671AC-154D-43B7-833A-3705B4F92AF1}.Debug|Win32.ActiveCfg = Debug|Win32
		{EDD671AC-154D-43B7-833A-3705B4F92AF1}.Debug|Win32.Build.0 = Debug|Win32
		{EDD671AC-154D-43B7-833A-3705B4F92AF1}.Release|Win32.ActiveCfg = Release|Win32
		{EDD671AC-154D-43B7-833A-3705B4F92AF1}.Release|Win32.Build.0 = Release|Win32
		{38EB12B1-4E83-486E-A23D-9163FFECE114}.Debug|Win32.ActiveCfg = Debug|Win32
		{38EB12B1-4E83-486E-A23D-9163FFECE114}.Debug|Win32.Build.0 = Debug|Win32
		{38EB12B1-4E83-486E-A23D-9163FFECE114}.Release|Win32.ActiveCfg = Release|Win32
		{38EB12B1-4E83-486E-A23D-9163FFECE114}.Release|Win32.Build.0 = Release|Win32
		{6793B71C-74D5-4A20-AEB0-83AF8D84A56C}.Debug|Win32.ActiveCfg = Debug|Win32
		{6793B71C-74D5-4A20-AEB0-83AF8D84A56C}.Debug|Win32.Build.0 = Debug|Win32
		{6793B71C-74D5-4A20-AEB0-83AF8D84A56C}.Release|Win32.ActiveCfg = Release|Win32
		{6793B71C-74D5-4A20-AEB0-83AF8D84A56C}.Release|Win32.Build.0 = Release|Win32
		{B3521539-F42B-474F-BD96-3C37EB4E95CF}.Debug|Win32.ActiveCfg = Debug|Win32
		{B3521539-F42B-474F-BD96-3C37EB4E95CF}.Debug|Win32.Build.0 = Debug|Win32
		{B3521539-F42B-474F-BD96-3C37EB4E95CF}.Release|Win32.ActiveCfg = Release|Win32
		{B3521539-F42B-474F-BD96-3C37EB4E95CF}.Release|Win32.Build.0 = Release|Win32
	EndGlobalSection
	GlobalSection(SolutionProperties) = preSolution
		HideSolutionNode = FALSE
	EndGlobalSection
EndGlobal
