
Microsoft Visual Studio Solution File, Format Version 12.00
# Visual Studio 2013
VisualStudioVersion = 12.0.31101.0
MinimumVisualStudioVersion = 10.0.40219.1
Project("{8BC9CEB8-8B4A-11D0-8D11-00A0C91BC942}") = "4-1", "4-1\4-1.vcxproj", "{1FECAE4A-E4C7-4076-986D-39290CE5C67B}"
EndProject
Project("{8BC9CEB8-8B4A-11D0-8D11-00A0C91BC942}") = "4-2", "4-2\4-2.vcxproj", "{35A9B649-8878-4D07-A2A8-4A6716DA57AA}"
EndProject
Project("{8BC9CEB8-8B4A-11D0-8D11-00A0C91BC942}") = "lab4-1", "lab4-1\lab4-1.vcxproj", "{A54A70EB-5F83-4F3B-B04F-18918E9D27E3}"
EndProject
Project("{8BC9CEB8-8B4A-11D0-8D11-00A0C91BC942}") = "4-3", "4-3\4-3.vcxproj", "{6E31763C-250D-424E-AD29-E46350F65B53}"
EndProject
Project("{8BC9CEB8-8B4A-11D0-8D11-00A0C91BC942}") = "4-4", "4-4\4-4.vcxproj", "{0F8B6053-63B1-4DE9-8790-B5D8743D69EB}"
EndProject
Project("{8BC9CEB8-8B4A-11D0-8D11-00A0C91BC942}") = "4-5", "4-5\4-5.vcxproj", "{0E6F5B28-6BDB-4A57-84B3-1E93DD378A4C}"
EndProject
Project("{8BC9CEB8-8B4A-11D0-8D11-00A0C91BC942}") = "4-6", "4-6\4-6.vcxproj", "{54A91821-FF37-4E5A-B9C6-FCAD24EC699C}"
EndProject
Project("{8BC9CEB8-8B4A-11D0-8D11-00A0C91BC942}") = "4-7", "4-7\4-7.vcxproj", "{5C3EFC5C-B54F-4D22-9D0C-BFF7EB513556}"
EndProject
Project("{8BC9CEB8-8B4A-11D0-8D11-00A0C91BC942}") = "4-8", "4-8\4-8.vcxproj", "{2F4B289A-4366-4BA4-B4F5-8F93C46ECE0F}"
EndProject
Project("{8BC9CEB8-8B4A-11D0-8D11-00A0C91BC942}") = "lab4-2", "lab4-2\lab4-2.vcxproj", "{B9280F61-3F29-4454-B37C-B79B5D1DA197}"
EndProject
Project("{8BC9CEB8-8B4A-11D0-8D11-00A0C91BC942}") = "4-9", "4-9\4-9.vcxproj", "{86BFB393-0DEC-4EEE-A42C-EBDDC9C5002B}"
EndProject
Project("{8BC9CEB8-8B4A-11D0-8D11-00A0C91BC942}") = "4-10", "4-10\4-10.vcxproj", "{2FE604F6-90F8-4EC7-9A1B-BD589817D8A8}"
EndProject
Project("{8BC9CEB8-8B4A-11D0-8D11-00A0C91BC942}") = "4-11", "4-11\4-11.vcxproj", "{D3556AF8-855F-4000-A9B4-0A100981898F}"
EndProject
Project("{8BC9CEB8-8B4A-11D0-8D11-00A0C91BC942}") = "4-12", "4-12\4-12.vcxproj", "{02D0A5C8-D511-4098-9798-1258BF89081A}"
EndProject
Project("{8BC9CEB8-8B4A-11D0-8D11-00A0C91BC942}") = "4-13", "4-13\4-13.vcxproj", "{11C78423-0CF5-4102-8359-62AF14DA2C96}"
EndProject
Project("{8BC9CEB8-8B4A-11D0-8D11-00A0C91BC942}") = "lab4-3", "lab4-3\lab4-3.vcxproj", "{2F556E20-5BFE-4D54-9BC5-2A3132989B1D}"
EndProject
Global
	GlobalSection(SolutionConfigurationPlatforms) = preSolution
		Debug|Win32 = Debug|Win32
		Release|Win32 = Release|Win32
	EndGlobalSection
	GlobalSection(ProjectConfigurationPlatforms) = postSolution
		{1FECAE4A-E4C7-4076-986D-39290CE5C67B}.Debug|Win32.ActiveCfg = Debug|Win32
		{1FECAE4A-E4C7-4076-986D-39290CE5C67B}.Debug|Win32.Build.0 = Debug|Win32
		{1FECAE4A-E4C7-4076-986D-39290CE5C67B}.Release|Win32.ActiveCfg = Release|Win32
		{1FECAE4A-E4C7-4076-986D-39290CE5C67B}.Release|Win32.Build.0 = Release|Win32
		{35A9B649-8878-4D07-A2A8-4A6716DA57AA}.Debug|Win32.ActiveCfg = Debug|Win32
		{35A9B649-8878-4D07-A2A8-4A6716DA57AA}.Debug|Win32.Build.0 = Debug|Win32
		{35A9B649-8878-4D07-A2A8-4A6716DA57AA}.Release|Win32.ActiveCfg = Release|Win32
		{35A9B649-8878-4D07-A2A8-4A6716DA57AA}.Release|Win32.Build.0 = Release|Win32
		{A54A70EB-5F83-4F3B-B04F-18918E9D27E3}.Debug|Win32.ActiveCfg = Debug|Win32
		{A54A70EB-5F83-4F3B-B04F-18918E9D27E3}.Debug|Win32.Build.0 = Debug|Win32
		{A54A70EB-5F83-4F3B-B04F-18918E9D27E3}.Release|Win32.ActiveCfg = Release|Win32
		{A54A70EB-5F83-4F3B-B04F-18918E9D27E3}.Release|Win32.Build.0 = Release|Win32
		{6E31763C-250D-424E-AD29-E46350F65B53}.Debug|Win32.ActiveCfg = Debug|Win32
		{6E31763C-250D-424E-AD29-E46350F65B53}.Debug|Win32.Build.0 = Debug|Win32
		{6E31763C-250D-424E-AD29-E46350F65B53}.Release|Win32.ActiveCfg = Release|Win32
		{6E31763C-250D-424E-AD29-E46350F65B53}.Release|Win32.Build.0 = Release|Win32
		{0F8B6053-63B1-4DE9-8790-B5D8743D69EB}.Debug|Win32.ActiveCfg = Debug|Win32
		{0F8B6053-63B1-4DE9-8790-B5D8743D69EB}.Debug|Win32.Build.0 = Debug|Win32
		{0F8B6053-63B1-4DE9-8790-B5D8743D69EB}.Release|Win32.ActiveCfg = Release|Win32
		{0F8B6053-63B1-4DE9-8790-B5D8743D69EB}.Release|Win32.Build.0 = Release|Win32
		{0E6F5B28-6BDB-4A57-84B3-1E93DD378A4C}.Debug|Win32.ActiveCfg = Debug|Win32
		{0E6F5B28-6BDB-4A57-84B3-1E93DD378A4C}.Debug|Win32.Build.0 = Debug|Win32
		{0E6F5B28-6BDB-4A57-84B3-1E93DD378A4C}.Release|Win32.ActiveCfg = Release|Win32
		{0E6F5B28-6BDB-4A57-84B3-1E93DD378A4C}.Release|Win32.Build.0 = Release|Win32
		{54A91821-FF37-4E5A-B9C6-FCAD24EC699C}.Debug|Win32.ActiveCfg = Debug|Win32
		{54A91821-FF37-4E5A-B9C6-FCAD24EC699C}.Debug|Win32.Build.0 = Debug|Win32
		{54A91821-FF37-4E5A-B9C6-FCAD24EC699C}.Release|Win32.ActiveCfg = Release|Win32
		{54A91821-FF37-4E5A-B9C6-FCAD24EC699C}.Release|Win32.Build.0 = Release|Win32
		{5C3EFC5C-B54F-4D22-9D0C-BFF7EB513556}.Debug|Win32.ActiveCfg = Debug|Win32
		{5C3EFC5C-B54F-4D22-9D0C-BFF7EB513556}.Debug|Win32.Build.0 = Debug|Win32
		{5C3EFC5C-B54F-4D22-9D0C-BFF7EB513556}.Release|Win32.ActiveCfg = Release|Win32
		{5C3EFC5C-B54F-4D22-9D0C-BFF7EB513556}.Release|Win32.Build.0 = Release|Win32
		{2F4B289A-4366-4BA4-B4F5-8F93C46ECE0F}.Debug|Win32.ActiveCfg = Debug|Win32
		{2F4B289A-4366-4BA4-B4F5-8F93C46ECE0F}.Debug|Win32.Build.0 = Debug|Win32
		{2F4B289A-4366-4BA4-B4F5-8F93C46ECE0F}.Release|Win32.ActiveCfg = Release|Win32
		{2F4B289A-4366-4BA4-B4F5-8F93C46ECE0F}.Release|Win32.Build.0 = Release|Win32
		{B9280F61-3F29-4454-B37C-B79B5D1DA197}.Debug|Win32.ActiveCfg = Debug|Win32
		{B9280F61-3F29-4454-B37C-B79B5D1DA197}.Debug|Win32.Build.0 = Debug|Win32
		{B9280F61-3F29-4454-B37C-B79B5D1DA197}.Release|Win32.ActiveCfg = Release|Win32
		{B9280F61-3F29-4454-B37C-B79B5D1DA197}.Release|Win32.Build.0 = Release|Win32
		{86BFB393-0DEC-4EEE-A42C-EBDDC9C5002B}.Debug|Win32.ActiveCfg = Debug|Win32
		{86BFB393-0DEC-4EEE-A42C-EBDDC9C5002B}.Debug|Win32.Build.0 = Debug|Win32
		{86BFB393-0DEC-4EEE-A42C-EBDDC9C5002B}.Release|Win32.ActiveCfg = Release|Win32
		{86BFB393-0DEC-4EEE-A42C-EBDDC9C5002B}.Release|Win32.Build.0 = Release|Win32
		{2FE604F6-90F8-4EC7-9A1B-BD589817D8A8}.Debug|Win32.ActiveCfg = Debug|Win32
		{2FE604F6-90F8-4EC7-9A1B-BD589817D8A8}.Debug|Win32.Build.0 = Debug|Win32
		{2FE604F6-90F8-4EC7-9A1B-BD589817D8A8}.Release|Win32.ActiveCfg = Release|Win32
		{2FE604F6-90F8-4EC7-9A1B-BD589817D8A8}.Release|Win32.Build.0 = Release|Win32
		{D3556AF8-855F-4000-A9B4-0A100981898F}.Debug|Win32.ActiveCfg = Debug|Win32
		{D3556AF8-855F-4000-A9B4-0A100981898F}.Debug|Win32.Build.0 = Debug|Win32
		{D3556AF8-855F-4000-A9B4-0A100981898F}.Release|Win32.ActiveCfg = Release|Win32
		{D3556AF8-855F-4000-A9B4-0A100981898F}.Release|Win32.Build.0 = Release|Win32
		{02D0A5C8-D511-4098-9798-1258BF89081A}.Debug|Win32.ActiveCfg = Debug|Win32
		{02D0A5C8-D511-4098-9798-1258BF89081A}.Debug|Win32.Build.0 = Debug|Win32
		{02D0A5C8-D511-4098-9798-1258BF89081A}.Release|Win32.ActiveCfg = Release|Win32
		{02D0A5C8-D511-4098-9798-1258BF89081A}.Release|Win32.Build.0 = Release|Win32
		{11C78423-0CF5-4102-8359-62AF14DA2C96}.Debug|Win32.ActiveCfg = Debug|Win32
		{11C78423-0CF5-4102-8359-62AF14DA2C96}.Debug|Win32.Build.0 = Debug|Win32
		{11C78423-0CF5-4102-8359-62AF14DA2C96}.Release|Win32.ActiveCfg = Release|Win32
		{11C78423-0CF5-4102-8359-62AF14DA2C96}.Release|Win32.Build.0 = Release|Win32
		{2F556E20-5BFE-4D54-9BC5-2A3132989B1D}.Debug|Win32.ActiveCfg = Debug|Win32
		{2F556E20-5BFE-4D54-9BC5-2A3132989B1D}.Debug|Win32.Build.0 = Debug|Win32
		{2F556E20-5BFE-4D54-9BC5-2A3132989B1D}.Release|Win32.ActiveCfg = Release|Win32
		{2F556E20-5BFE-4D54-9BC5-2A3132989B1D}.Release|Win32.Build.0 = Release|Win32
	EndGlobalSection
	GlobalSection(SolutionProperties) = preSolution
		HideSolutionNode = FALSE
	EndGlobalSection
EndGlobal
