
Microsoft Visual Studio Solution File, Format Version 12.00
# Visual Studio 2013
VisualStudioVersion = 12.0.31101.0
MinimumVisualStudioVersion = 10.0.40219.1
Project("{8BC9CEB8-8B4A-11D0-8D11-00A0C91BC942}") = "7-1", "7-1\7-1.vcxproj", "{EE3D56A5-7C85-4274-908F-15FD15F5C9AC}"
EndProject
Project("{8BC9CEB8-8B4A-11D0-8D11-00A0C91BC942}") = "7-2", "7-2\7-2.vcxproj", "{8C56D80C-861F-406E-9CD6-F50CC81869EF}"
EndProject
Project("{8BC9CEB8-8B4A-11D0-8D11-00A0C91BC942}") = "7-3", "7-3\7-3.vcxproj", "{4797EB6E-560B-44E0-B870-6A45131AE3F9}"
EndProject
Project("{8BC9CEB8-8B4A-11D0-8D11-00A0C91BC942}") = "7-4", "7-4\7-4.vcxproj", "{D3BF57A2-CC24-4DF9-945B-205E247AD52F}"
EndProject
Project("{8BC9CEB8-8B4A-11D0-8D11-00A0C91BC942}") = "7-5", "7-5\7-5.vcxproj", "{3F603E7A-AEF6-4372-A33A-C7BE52E48F15}"
EndProject
Project("{8BC9CEB8-8B4A-11D0-8D11-00A0C91BC942}") = "lab6-1", "lab6-1\lab6-1.vcxproj", "{F29B5F4D-F5E6-4D0C-BF3E-BAC063C58345}"
EndProject
Project("{8BC9CEB8-8B4A-11D0-8D11-00A0C91BC942}") = "7-6", "7-6\7-6.vcxproj", "{C25938B7-38F1-41A4-A674-06438ADB71BE}"
EndProject
Project("{8BC9CEB8-8B4A-11D0-8D11-00A0C91BC942}") = "7-7", "7-7\7-7.vcxproj", "{1B9F7DF5-FA74-4EEF-9E37-C32C01423B52}"
EndProject
Project("{8BC9CEB8-8B4A-11D0-8D11-00A0C91BC942}") = "lab7-2", "lab7-2\lab7-2.vcxproj", "{7E501E04-FE1E-4BA2-A3B2-9DADF69529C8}"
EndProject
Project("{8BC9CEB8-8B4A-11D0-8D11-00A0C91BC942}") = "7-8", "7-8\7-8.vcxproj", "{4F86B604-F5E3-4CBE-84F8-906EFE43011B}"
EndProject
Project("{8BC9CEB8-8B4A-11D0-8D11-00A0C91BC942}") = "7-9", "7-9\7-9.vcxproj", "{C83FC337-15B9-4A5F-B360-2BA004D14E4F}"
EndProject
Project("{8BC9CEB8-8B4A-11D0-8D11-00A0C91BC942}") = "7-10", "7-10\7-10.vcxproj", "{90662C6C-801C-4638-94B6-A452FFEEAD82}"
EndProject
Project("{8BC9CEB8-8B4A-11D0-8D11-00A0C91BC942}") = "7-11", "7-11\7-11.vcxproj", "{10A64B0A-498D-4C48-9A18-B40F66060C2E}"
EndProject
Project("{8BC9CEB8-8B4A-11D0-8D11-00A0C91BC942}") = "7-12", "7-12\7-12.vcxproj", "{B5BB9D4B-F52C-42EC-B6DB-A3645AB4A7E3}"
EndProject
Project("{8BC9CEB8-8B4A-11D0-8D11-00A0C91BC942}") = "lab7-3", "lab7-3\lab7-3.vcxproj", "{F1572E3C-CF86-4274-BBF5-EC3280BD46C4}"
EndProject
Project("{8BC9CEB8-8B4A-11D0-8D11-00A0C91BC942}") = "7-13", "7-13\7-13.vcxproj", "{A35761B6-F58B-4A08-B26D-319C4B7ADC66}"
EndProject
Project("{8BC9CEB8-8B4A-11D0-8D11-00A0C91BC942}") = "7-14", "7-14\7-14.vcxproj", "{0A871257-C3E4-4322-B5C2-5CF9A1604C80}"
EndProject
Project("{8BC9CEB8-8B4A-11D0-8D11-00A0C91BC942}") = "7-15", "7-15\7-15.vcxproj", "{E88D9D3C-DD45-450B-A85F-4F9733F9F7A2}"
EndProject
Project("{8BC9CEB8-8B4A-11D0-8D11-00A0C91BC942}") = "7-16", "7-16\7-16.vcxproj", "{46069DC1-0F73-4AAC-ABB9-2B8F3D5BF718}"
EndProject
Project("{8BC9CEB8-8B4A-11D0-8D11-00A0C91BC942}") = "lab7-4", "lab7-4\lab7-4.vcxproj", "{FD79B0F8-F66B-42AF-82CF-7159F8725268}"
EndProject
Project("{8BC9CEB8-8B4A-11D0-8D11-00A0C91BC942}") = "7-17", "7-17\7-17.vcxproj", "{3B96C465-3D7B-4F5E-A5DC-0AF7936A66C0}"
EndProject
Project("{8BC9CEB8-8B4A-11D0-8D11-00A0C91BC942}") = "7-18", "7-18\7-18.vcxproj", "{D53ACD20-CF85-4A7F-98B7-4547E141D2CA}"
EndProject
Project("{8BC9CEB8-8B4A-11D0-8D11-00A0C91BC942}") = "7-19", "7-19\7-19.vcxproj", "{A7B13F02-0BDE-4DCB-95F9-3420686D5479}"
EndProject
Project("{8BC9CEB8-8B4A-11D0-8D11-00A0C91BC942}") = "lab7-5", "lab7-5\lab7-5.vcxproj", "{E179446F-4E3E-48AB-A426-9A135979AF1A}"
EndProject
Global
	GlobalSection(SolutionConfigurationPlatforms) = preSolution
		Debug|Win32 = Debug|Win32
		Release|Win32 = Release|Win32
	EndGlobalSection
	GlobalSection(ProjectConfigurationPlatforms) = postSolution
		{EE3D56A5-7C85-4274-908F-15FD15F5C9AC}.Debug|Win32.ActiveCfg = Debug|Win32
		{EE3D56A5-7C85-4274-908F-15FD15F5C9AC}.Debug|Win32.Build.0 = Debug|Win32
		{EE3D56A5-7C85-4274-908F-15FD15F5C9AC}.Release|Win32.ActiveCfg = Release|Win32
		{EE3D56A5-7C85-4274-908F-15FD15F5C9AC}.Release|Win32.Build.0 = Release|Win32
		{8C56D80C-861F-406E-9CD6-F50CC81869EF}.Debug|Win32.ActiveCfg = Debug|Win32
		{8C56D80C-861F-406E-9CD6-F50CC81869EF}.Debug|Win32.Build.0 = Debug|Win32
		{8C56D80C-861F-406E-9CD6-F50CC81869EF}.Release|Win32.ActiveCfg = Release|Win32
		{8C56D80C-861F-406E-9CD6-F50CC81869EF}.Release|Win32.Build.0 = Release|Win32
		{4797EB6E-560B-44E0-B870-6A45131AE3F9}.Debug|Win32.ActiveCfg = Debug|Win32
		{4797EB6E-560B-44E0-B870-6A45131AE3F9}.Debug|Win32.Build.0 = Debug|Win32
		{4797EB6E-560B-44E0-B870-6A45131AE3F9}.Release|Win32.ActiveCfg = Release|Win32
		{4797EB6E-560B-44E0-B870-6A45131AE3F9}.Release|Win32.Build.0 = Release|Win32
		{D3BF57A2-CC24-4DF9-945B-205E247AD52F}.Debug|Win32.ActiveCfg = Debug|Win32
		{D3BF57A2-CC24-4DF9-945B-205E247AD52F}.Debug|Win32.Build.0 = Debug|Win32
		{D3BF57A2-CC24-4DF9-945B-205E247AD52F}.Release|Win32.ActiveCfg = Release|Win32
		{D3BF57A2-CC24-4DF9-945B-205E247AD52F}.Release|Win32.Build.0 = Release|Win32
		{3F603E7A-AEF6-4372-A33A-C7BE52E48F15}.Debug|Win32.ActiveCfg = Debug|Win32
		{3F603E7A-AEF6-4372-A33A-C7BE52E48F15}.Debug|Win32.Build.0 = Debug|Win32
		{3F603E7A-AEF6-4372-A33A-C7BE52E48F15}.Release|Win32.ActiveCfg = Release|Win32
		{3F603E7A-AEF6-4372-A33A-C7BE52E48F15}.Release|Win32.Build.0 = Release|Win32
		{F29B5F4D-F5E6-4D0C-BF3E-BAC063C58345}.Debug|Win32.ActiveCfg = Debug|Win32
		{F29B5F4D-F5E6-4D0C-BF3E-BAC063C58345}.Debug|Win32.Build.0 = Debug|Win32
		{F29B5F4D-F5E6-4D0C-BF3E-BAC063C58345}.Release|Win32.ActiveCfg = Release|Win32
		{F29B5F4D-F5E6-4D0C-BF3E-BAC063C58345}.Release|Win32.Build.0 = Release|Win32
		{C25938B7-38F1-41A4-A674-06438ADB71BE}.Debug|Win32.ActiveCfg = Debug|Win32
		{C25938B7-38F1-41A4-A674-06438ADB71BE}.Debug|Win32.Build.0 = Debug|Win32
		{C25938B7-38F1-41A4-A674-06438ADB71BE}.Release|Win32.ActiveCfg = Release|Win32
		{C25938B7-38F1-41A4-A674-06438ADB71BE}.Release|Win32.Build.0 = Release|Win32
		{1B9F7DF5-FA74-4EEF-9E37-C32C01423B52}.Debug|Win32.ActiveCfg = Debug|Win32
		{1B9F7DF5-FA74-4EEF-9E37-C32C01423B52}.Debug|Win32.Build.0 = Debug|Win32
		{1B9F7DF5-FA74-4EEF-9E37-C32C01423B52}.Release|Win32.ActiveCfg = Release|Win32
		{1B9F7DF5-FA74-4EEF-9E37-C32C01423B52}.Release|Win32.Build.0 = Release|Win32
		{7E501E04-FE1E-4BA2-A3B2-9DADF69529C8}.Debug|Win32.ActiveCfg = Debug|Win32
		{7E501E04-FE1E-4BA2-A3B2-9DADF69529C8}.Debug|Win32.Build.0 = Debug|Win32
		{7E501E04-FE1E-4BA2-A3B2-9DADF69529C8}.Release|Win32.ActiveCfg = Release|Win32
		{7E501E04-FE1E-4BA2-A3B2-9DADF69529C8}.Release|Win32.Build.0 = Release|Win32
		{4F86B604-F5E3-4CBE-84F8-906EFE43011B}.Debug|Win32.ActiveCfg = Debug|Win32
		{4F86B604-F5E3-4CBE-84F8-906EFE43011B}.Debug|Win32.Build.0 = Debug|Win32
		{4F86B604-F5E3-4CBE-84F8-906EFE43011B}.Release|Win32.ActiveCfg = Release|Win32
		{4F86B604-F5E3-4CBE-84F8-906EFE43011B}.Release|Win32.Build.0 = Release|Win32
		{C83FC337-15B9-4A5F-B360-2BA004D14E4F}.Debug|Win32.ActiveCfg = Debug|Win32
		{C83FC337-15B9-4A5F-B360-2BA004D14E4F}.Debug|Win32.Build.0 = Debug|Win32
		{C83FC337-15B9-4A5F-B360-2BA004D14E4F}.Release|Win32.ActiveCfg = Release|Win32
		{C83FC337-15B9-4A5F-B360-2BA004D14E4F}.Release|Win32.Build.0 = Release|Win32
		{90662C6C-801C-4638-94B6-A452FFEEAD82}.Debug|Win32.ActiveCfg = Debug|Win32
		{90662C6C-801C-4638-94B6-A452FFEEAD82}.Debug|Win32.Build.0 = Debug|Win32
		{90662C6C-801C-4638-94B6-A452FFEEAD82}.Release|Win32.ActiveCfg = Release|Win32
		{90662C6C-801C-4638-94B6-A452FFEEAD82}.Release|Win32.Build.0 = Release|Win32
		{10A64B0A-498D-4C48-9A18-B40F66060C2E}.Debug|Win32.ActiveCfg = Debug|Win32
		{10A64B0A-498D-4C48-9A18-B40F66060C2E}.Debug|Win32.Build.0 = Debug|Win32
		{10A64B0A-498D-4C48-9A18-B40F66060C2E}.Release|Win32.ActiveCfg = Release|Win32
		{10A64B0A-498D-4C48-9A18-B40F66060C2E}.Release|Win32.Build.0 = Release|Win32
		{B5BB9D4B-F52C-42EC-B6DB-A3645AB4A7E3}.Debug|Win32.ActiveCfg = Debug|Win32
		{B5BB9D4B-F52C-42EC-B6DB-A3645AB4A7E3}.Debug|Win32.Build.0 = Debug|Win32
		{B5BB9D4B-F52C-42EC-B6DB-A3645AB4A7E3}.Release|Win32.ActiveCfg = Release|Win32
		{B5BB9D4B-F52C-42EC-B6DB-A3645AB4A7E3}.Release|Win32.Build.0 = Release|Win32
		{F1572E3C-CF86-4274-BBF5-EC3280BD46C4}.Debug|Win32.ActiveCfg = Debug|Win32
		{F1572E3C-CF86-4274-BBF5-EC3280BD46C4}.Debug|Win32.Build.0 = Debug|Win32
		{F1572E3C-CF86-4274-BBF5-EC3280BD46C4}.Release|Win32.ActiveCfg = Release|Win32
		{F1572E3C-CF86-4274-BBF5-EC3280BD46C4}.Release|Win32.Build.0 = Release|Win32
		{A35761B6-F58B-4A08-B26D-319C4B7ADC66}.Debug|Win32.ActiveCfg = Debug|Win32
		{A35761B6-F58B-4A08-B26D-319C4B7ADC66}.Debug|Win32.Build.0 = Debug|Win32
		{A35761B6-F58B-4A08-B26D-319C4B7ADC66}.Release|Win32.ActiveCfg = Release|Win32
		{A35761B6-F58B-4A08-B26D-319C4B7ADC66}.Release|Win32.Build.0 = Release|Win32
		{0A871257-C3E4-4322-B5C2-5CF9A1604C80}.Debug|Win32.ActiveCfg = Debug|Win32
		{0A871257-C3E4-4322-B5C2-5CF9A1604C80}.Debug|Win32.Build.0 = Debug|Win32
		{0A871257-C3E4-4322-B5C2-5CF9A1604C80}.Release|Win32.ActiveCfg = Release|Win32
		{0A871257-C3E4-4322-B5C2-5CF9A1604C80}.Release|Win32.Build.0 = Release|Win32
		{E88D9D3C-DD45-450B-A85F-4F9733F9F7A2}.Debug|Win32.ActiveCfg = Debug|Win32
		{E88D9D3C-DD45-450B-A85F-4F9733F9F7A2}.Debug|Win32.Build.0 = Debug|Win32
		{E88D9D3C-DD45-450B-A85F-4F9733F9F7A2}.Release|Win32.ActiveCfg = Release|Win32
		{E88D9D3C-DD45-450B-A85F-4F9733F9F7A2}.Release|Win32.Build.0 = Release|Win32
		{46069DC1-0F73-4AAC-ABB9-2B8F3D5BF718}.Debug|Win32.ActiveCfg = Debug|Win32
		{46069DC1-0F73-4AAC-ABB9-2B8F3D5BF718}.Debug|Win32.Build.0 = Debug|Win32
		{46069DC1-0F73-4AAC-ABB9-2B8F3D5BF718}.Release|Win32.ActiveCfg = Release|Win32
		{46069DC1-0F73-4AAC-ABB9-2B8F3D5BF718}.Release|Win32.Build.0 = Release|Win32
		{FD79B0F8-F66B-42AF-82CF-7159F8725268}.Debug|Win32.ActiveCfg = Debug|Win32
		{FD79B0F8-F66B-42AF-82CF-7159F8725268}.Debug|Win32.Build.0 = Debug|Win32
		{FD79B0F8-F66B-42AF-82CF-7159F8725268}.Release|Win32.ActiveCfg = Release|Win32
		{FD79B0F8-F66B-42AF-82CF-7159F8725268}.Release|Win32.Build.0 = Release|Win32
		{3B96C465-3D7B-4F5E-A5DC-0AF7936A66C0}.Debug|Win32.ActiveCfg = Debug|Win32
		{3B96C465-3D7B-4F5E-A5DC-0AF7936A66C0}.Debug|Win32.Build.0 = Debug|Win32
		{3B96C465-3D7B-4F5E-A5DC-0AF7936A66C0}.Release|Win32.ActiveCfg = Release|Win32
		{3B96C465-3D7B-4F5E-A5DC-0AF7936A66C0}.Release|Win32.Build.0 = Release|Win32
		{D53ACD20-CF85-4A7F-98B7-4547E141D2CA}.Debug|Win32.ActiveCfg = Debug|Win32
		{D53ACD20-CF85-4A7F-98B7-4547E141D2CA}.Debug|Win32.Build.0 = Debug|Win32
		{D53ACD20-CF85-4A7F-98B7-4547E141D2CA}.Release|Win32.ActiveCfg = Release|Win32
		{D53ACD20-CF85-4A7F-98B7-4547E141D2CA}.Release|Win32.Build.0 = Release|Win32
		{A7B13F02-0BDE-4DCB-95F9-3420686D5479}.Debug|Win32.ActiveCfg = Debug|Win32
		{A7B13F02-0BDE-4DCB-95F9-3420686D5479}.Debug|Win32.Build.0 = Debug|Win32
		{A7B13F02-0BDE-4DCB-95F9-3420686D5479}.Release|Win32.ActiveCfg = Release|Win32
		{A7B13F02-0BDE-4DCB-95F9-3420686D5479}.Release|Win32.Build.0 = Release|Win32
		{E179446F-4E3E-48AB-A426-9A135979AF1A}.Debug|Win32.ActiveCfg = Debug|Win32
		{E179446F-4E3E-48AB-A426-9A135979AF1A}.Debug|Win32.Build.0 = Debug|Win32
		{E179446F-4E3E-48AB-A426-9A135979AF1A}.Release|Win32.ActiveCfg = Release|Win32
		{E179446F-4E3E-48AB-A426-9A135979AF1A}.Release|Win32.Build.0 = Release|Win32
	EndGlobalSection
	GlobalSection(SolutionProperties) = preSolution
		HideSolutionNode = FALSE
	EndGlobalSection
EndGlobal
